// !$*UTF8*$!
{
	archiveVersion = 1;
	classes = {
	};
	objectVersion = 70;
	objects = {

/* Begin PBXContainerItemProxy section */
		B4816F722CC69B0000017B7E /* PBXContainerItemProxy */ = {
			isa = PBXContainerItemProxy;
			containerPortal = B4816F532CC69AFE00017B7E /* Project object */;
			proxyType = 1;
			remoteGlobalIDString = B4816F5A2CC69AFE00017B7E;
			remoteInfo = "Git lesson";
		};
		B4816F7C2CC69B0000017B7E /* PBXContainerItemProxy */ = {
			isa = PBXContainerItemProxy;
			containerPortal = B4816F532CC69AFE00017B7E /* Project object */;
			proxyType = 1;
			remoteGlobalIDString = B4816F5A2CC69AFE00017B7E;
			remoteInfo = "Git lesson";
		};
/* End PBXContainerItemProxy section */

/* Begin PBXFileReference section */
		B4816F5B2CC69AFE00017B7E /* Git lesson.app */ = {isa = PBXFileReference; explicitFileType = wrapper.application; includeInIndex = 0; path = "Git lesson.app"; sourceTree = BUILT_PRODUCTS_DIR; };
		B4816F712CC69B0000017B7E /* Git lessonTests.xctest */ = {isa = PBXFileReference; explicitFileType = wrapper.cfbundle; includeInIndex = 0; path = "Git lessonTests.xctest"; sourceTree = BUILT_PRODUCTS_DIR; };
		B4816F7B2CC69B0000017B7E /* Git lessonUITests.xctest */ = {isa = PBXFileReference; explicitFileType = wrapper.cfbundle; includeInIndex = 0; path = "Git lessonUITests.xctest"; sourceTree = BUILT_PRODUCTS_DIR; };
/* End PBXFileReference section */

/* Begin PBXFileSystemSynchronizedBuildFileExceptionSet section */
		B4816F832CC69B0000017B7E /* PBXFileSystemSynchronizedBuildFileExceptionSet */ = {
			isa = PBXFileSystemSynchronizedBuildFileExceptionSet;
			membershipExceptions = (
				Info.plist,
			);
			target = B4816F5A2CC69AFE00017B7E /* Git lesson */;
		};
/* End PBXFileSystemSynchronizedBuildFileExceptionSet section */

/* Begin PBXFileSystemSynchronizedRootGroup section */
		B4816F5D2CC69AFE00017B7E /* Git lesson */ = {isa = PBXFileSystemSynchronizedRootGroup; exceptions = (B4816F832CC69B0000017B7E /* PBXFileSystemSynchronizedBuildFileExceptionSet */, ); explicitFileTypes = {}; explicitFolders = (); path = "Git lesson"; sourceTree = "<group>"; };
/* End PBXFileSystemSynchronizedRootGroup section */

/* Begin PBXFrameworksBuildPhase section */
		B4816F582CC69AFE00017B7E /* Frameworks */ = {
			isa = PBXFrameworksBuildPhase;
			buildActionMask = 2147483647;
			files = (
			);
			runOnlyForDeploymentPostprocessing = 0;
		};
		B4816F6E2CC69B0000017B7E /* Frameworks */ = {
			isa = PBXFrameworksBuildPhase;
			buildActionMask = 2147483647;
			files = (
			);
			runOnlyForDeploymentPostprocessing = 0;
		};
		B4816F782CC69B0000017B7E /* Frameworks */ = {
			isa = PBXFrameworksBuildPhase;
			buildActionMask = 2147483647;
			files = (
			);
			runOnlyForDeploymentPostprocessing = 0;
		};
/* End PBXFrameworksBuildPhase section */

/* Begin PBXGroup section */
		B4816F522CC69AFE00017B7E = {
			isa = PBXGroup;
			children = (
				B4816F5D2CC69AFE00017B7E /* Git lesson */,
				B4816F5C2CC69AFE00017B7E /* Products */,
			);
			sourceTree = "<group>";
			usesTabs = 0;
		};
		B4816F5C2CC69AFE00017B7E /* Products */ = {
			isa = PBXGroup;
			children = (
				B4816F5B2CC69AFE00017B7E /* Git lesson.app */,
				B4816F712CC69B0000017B7E /* Git lessonTests.xctest */,
				B4816F7B2CC69B0000017B7E /* Git lessonUITests.xctest */,
			);
			name = Products;
			sourceTree = "<group>";
		};
/* End PBXGroup section */

/* Begin PBXNativeTarget section */
		B4816F5A2CC69AFE00017B7E /* Git lesson */ = {
			isa = PBXNativeTarget;
			buildConfigurationList = B4816F842CC69B0000017B7E /* Build configuration list for PBXNativeTarget "Git lesson" */;
			buildPhases = (
				B4816F572CC69AFE00017B7E /* Sources */,
				B4816F582CC69AFE00017B7E /* Frameworks */,
				B4816F592CC69AFE00017B7E /* Resources */,
			);
			buildRules = (
			);
			dependencies = (
			);
			fileSystemSynchronizedGroups = (
				B4816F5D2CC69AFE00017B7E /* Git lesson */,
			);
			name = "Git lesson";
			packageProductDependencies = (
			);
			productName = "Git lesson";
			productReference = B4816F5B2CC69AFE00017B7E /* Git lesson.app */;
			productType = "com.apple.product-type.application";
		};
		B4816F702CC69B0000017B7E /* Git lessonTests */ = {
			isa = PBXNativeTarget;
			buildConfigurationList = B4816F892CC69B0000017B7E /* Build configuration list for PBXNativeTarget "Git lessonTests" */;
			buildPhases = (
				B4816F6D2CC69B0000017B7E /* Sources */,
				B4816F6E2CC69B0000017B7E /* Frameworks */,
				B4816F6F2CC69B0000017B7E /* Resources */,
			);
			buildRules = (
			);
			dependencies = (
				B4816F732CC69B0000017B7E /* PBXTargetDependency */,
			);
			name = "Git lessonTests";
			packageProductDependencies = (
			);
			productName = "Git lessonTests";
			productReference = B4816F712CC69B0000017B7E /* Git lessonTests.xctest */;
			productType = "com.apple.product-type.bundle.unit-test";
		};
		B4816F7A2CC69B0000017B7E /* Git lessonUITests */ = {
			isa = PBXNativeTarget;
			buildConfigurationList = B4816F8C2CC69B0000017B7E /* Build configuration list for PBXNativeTarget "Git lessonUITests" */;
			buildPhases = (
				B4816F772CC69B0000017B7E /* Sources */,
				B4816F782CC69B0000017B7E /* Frameworks */,
				B4816F792CC69B0000017B7E /* Resources */,
			);
			buildRules = (
			);
			dependencies = (
				B4816F7D2CC69B0000017B7E /* PBXTargetDependency */,
			);
			name = "Git lessonUITests";
			packageProductDependencies = (
			);
			productName = "Git lessonUITests";
			productReference = B4816F7B2CC69B0000017B7E /* Git lessonUITests.xctest */;
			productType = "com.apple.product-type.bundle.ui-testing";
		};
/* End PBXNativeTarget section */

/* Begin PBXProject section */
		B4816F532CC69AFE00017B7E /* Project object */ = {
			isa = PBXProject;
			attributes = {
				BuildIndependentTargetsInParallel = 1;
				LastSwiftUpdateCheck = 1600;
				LastUpgradeCheck = 1600;
				ORGANIZATIONNAME = ManBand;
				TargetAttributes = {
					B4816F5A2CC69AFE00017B7E = {
						CreatedOnToolsVersion = 16.0;
					};
					B4816F702CC69B0000017B7E = {
						CreatedOnToolsVersion = 16.0;
						TestTargetID = B4816F5A2CC69AFE00017B7E;
					};
					B4816F7A2CC69B0000017B7E = {
						CreatedOnToolsVersion = 16.0;
						TestTargetID = B4816F5A2CC69AFE00017B7E;
					};
				};
			};
			buildConfigurationList = B4816F562CC69AFE00017B7E /* Build configuration list for PBXProject "Git lesson" */;
			compatibilityVersion = "Xcode 14.0";
			developmentRegion = en;
			hasScannedForEncodings = 0;
			knownRegions = (
				en,
				Base,
			);
			mainGroup = B4816F522CC69AFE00017B7E;
			minimizedProjectReferenceProxies = 1;
			productRefGroup = B4816F5C2CC69AFE00017B7E /* Products */;
			projectDirPath = "";
			projectRoot = "";
			targets = (
				B4816F5A2CC69AFE00017B7E /* Git lesson */,
				B4816F702CC69B0000017B7E /* Git lessonTests */,
				B4816F7A2CC69B0000017B7E /* Git lessonUITests */,
			);
		};
/* End PBXProject section */

/* Begin PBXResourcesBuildPhase section */
		B4816F592CC69AFE00017B7E /* Resources */ = {
			isa = PBXResourcesBuildPhase;
			buildActionMask = 2147483647;
			files = (
			);
			runOnlyForDeploymentPostprocessing = 0;
		};
		B4816F6F2CC69B0000017B7E /* Resources */ = {
			isa = PBXResourcesBuildPhase;
			buildActionMask = 2147483647;
			files = (
			);
			runOnlyForDeploymentPostprocessing = 0;
		};
		B4816F792CC69B0000017B7E /* Resources */ = {
			isa = PBXResourcesBuildPhase;
			buildActionMask = 2147483647;
			files = (
			);
			runOnlyForDeploymentPostprocessing = 0;
		};
/* End PBXResourcesBuildPhase section */

/* Begin PBXSourcesBuildPhase section */
		B4816F572CC69AFE00017B7E /* Sources */ = {
			isa = PBXSourcesBuildPhase;
			buildActionMask = 2147483647;
			files = (
			);
			runOnlyForDeploymentPostprocessing = 0;
		};
		B4816F6D2CC69B0000017B7E /* Sources */ = {
			isa = PBXSourcesBuildPhase;
			buildActionMask = 2147483647;
			files = (
			);
			runOnlyForDeploymentPostprocessing = 0;
		};
		B4816F772CC69B0000017B7E /* Sources */ = {
			isa = PBXSourcesBuildPhase;
			buildActionMask = 2147483647;
			files = (
			);
			runOnlyForDeploymentPostprocessing = 0;
		};
/* End PBXSourcesBuildPhase section */

/* Begin PBXTargetDependency section */
		B4816F732CC69B0000017B7E /* PBXTargetDependency */ = {
			isa = PBXTargetDependency;
			target = B4816F5A2CC69AFE00017B7E /* Git lesson */;
			targetProxy = B4816F722CC69B0000017B7E /* PBXContainerItemProxy */;
		};
		B4816F7D2CC69B0000017B7E /* PBXTargetDependency */ = {
			isa = PBXTargetDependency;
			target = B4816F5A2CC69AFE00017B7E /* Git lesson */;
			targetProxy = B4816F7C2CC69B0000017B7E /* PBXContainerItemProxy */;
		};
/* End PBXTargetDependency section */

/* Begin XCBuildConfiguration section */
		B4816F852CC69B0000017B7E /* Debug */ = {
			isa = XCBuildConfiguration;
			buildSettings = {
				ASSETCATALOG_COMPILER_APPICON_NAME = AppIcon;
				ASSETCATALOG_COMPILER_GLOBAL_ACCENT_COLOR_NAME = AccentColor;
				CODE_SIGN_STYLE = Automatic;
				CURRENT_PROJECT_VERSION = 1;
				DEVELOPMENT_TEAM = HQ3Y885H89;
				GENERATE_INFOPLIST_FILE = YES;
				INFOPLIST_FILE = "Git lesson/Info.plist";
				INFOPLIST_KEY_UIApplicationSupportsIndirectInputEvents = YES;
				INFOPLIST_KEY_UILaunchStoryboardName = LaunchScreen;
				INFOPLIST_KEY_UIMainStoryboardFile = Main;
				INFOPLIST_KEY_UISupportedInterfaceOrientations_iPad = "UIInterfaceOrientationPortrait UIInterfaceOrientationPortraitUpsideDown UIInterfaceOrientationLandscapeLeft UIInterfaceOrientationLandscapeRight";
				INFOPLIST_KEY_UISupportedInterfaceOrientations_iPhone = "UIInterfaceOrientationPortrait UIInterfaceOrientationLandscapeLeft UIInterfaceOrientationLandscapeRight";
				IPHONEOS_DEPLOYMENT_TARGET = 15.0;
				LD_RUNPATH_SEARCH_PATHS = (
					"$(inherited)",
					"@executable_path/Frameworks",
				);
				MARKETING_VERSION = 1.0;
				PRODUCT_BUNDLE_IDENTIFIER = "ManBand.com.Git-lesson";
				PRODUCT_NAME = "$(TARGET_NAME)";
				SWIFT_EMIT_LOC_STRINGS = YES;
				SWIFT_VERSION = 5.0;
				TARGETED_DEVICE_FAMILY = "1,2";
			};
			name = Debug;
		};
		B4816F862CC69B0000017B7E /* Release */ = {
			isa = XCBuildConfiguration;
			buildSettings = {
				ASSETCATALOG_COMPILER_APPICON_NAME = AppIcon;
				ASSETCATALOG_COMPILER_GLOBAL_ACCENT_COLOR_NAME = AccentColor;
				CODE_SIGN_STYLE = Automatic;
				CURRENT_PROJECT_VERSION = 1;
				DEVELOPMENT_TEAM = HQ3Y885H89;
				GENERATE_INFOPLIST_FILE = YES;
				INFOPLIST_FILE = "Git lesson/Info.plist";
				INFOPLIST_KEY_UIApplicationSupportsIndirectInputEvents = YES;
				INFOPLIST_KEY_UILaunchStoryboardName = LaunchScreen;
				INFOPLIST_KEY_UIMainStoryboardFile = Main;
				INFOPLIST_KEY_UISupportedInterfaceOrientations_iPad = "UIInterfaceOrientationPortrait UIInterfaceOrientationPortraitUpsideDown UIInterfaceOrientationLandscapeLeft UIInterfaceOrientationLandscapeRight";
				INFOPLIST_KEY_UISupportedInterfaceOrientations_iPhone = "UIInterfaceOrientationPortrait UIInterfaceOrientationLandscapeLeft UIInterfaceOrientationLandscapeRight";
				IPHONEOS_DEPLOYMENT_TARGET = 15.0;
				LD_RUNPATH_SEARCH_PATHS = (
					"$(inherited)",
					"@executable_path/Frameworks",
				);
				MARKETING_VERSION = 1.0;
				PRODUCT_BUNDLE_IDENTIFIER = "ManBand.com.Git-lesson";
				PRODUCT_NAME = "$(TARGET_NAME)";
				SWIFT_EMIT_LOC_STRINGS = YES;
				SWIFT_VERSION = 5.0;
				TARGETED_DEVICE_FAMILY = "1,2";
			};
			name = Release;
		};
		B4816F872CC69B0000017B7E /* Debug */ = {
			isa = XCBuildConfiguration;
			buildSettings = {
				ALWAYS_SEARCH_USER_PATHS = NO;
				ASSETCATALOG_COMPILER_GENERATE_SWIFT_ASSET_SYMBOL_EXTENSIONS = YES;
				CLANG_ANALYZER_NONNULL = YES;
				CLANG_ANALYZER_NUMBER_OBJECT_CONVERSION = YES_AGGRESSIVE;
				CLANG_CXX_LANGUAGE_STANDARD = "gnu++20";
				CLANG_ENABLE_MODULES = YES;
				CLANG_ENABLE_OBJC_ARC = YES;
				CLANG_ENABLE_OBJC_WEAK = YES;
				CLANG_WARN_BLOCK_CAPTURE_AUTORELEASING = YES;
				CLANG_WARN_BOOL_CONVERSION = YES;
				CLANG_WARN_COMMA = YES;
				CLANG_WARN_CONSTANT_CONVERSION = YES;
				CLANG_WARN_DEPRECATED_OBJC_IMPLEMENTATIONS = YES;
				CLANG_WARN_DIRECT_OBJC_ISA_USAGE = YES_ERROR;
				CLANG_WARN_DOCUMENTATION_COMMENTS = YES;
				CLANG_WARN_EMPTY_BODY = YES;
				CLANG_WARN_ENUM_CONVERSION = YES;
				CLANG_WARN_INFINITE_RECURSION = YES;
				CLANG_WARN_INT_CONVERSION = YES;
				CLANG_WARN_NON_LITERAL_NULL_CONVERSION = YES;
				CLANG_WARN_OBJC_IMPLICIT_RETAIN_SELF = YES;
				CLANG_WARN_OBJC_LITERAL_CONVERSION = YES;
				CLANG_WARN_OBJC_ROOT_CLASS = YES_ERROR;
				CLANG_WARN_QUOTED_INCLUDE_IN_FRAMEWORK_HEADER = YES;
				CLANG_WARN_RANGE_LOOP_ANALYSIS = YES;
				CLANG_WARN_STRICT_PROTOTYPES = YES;
				CLANG_WARN_SUSPICIOUS_MOVE = YES;
				CLANG_WARN_UNGUARDED_AVAILABILITY = YES_AGGRESSIVE;
				CLANG_WARN_UNREACHABLE_CODE = YES;
				CLANG_WARN__DUPLICATE_METHOD_MATCH = YES;
				COPY_PHASE_STRIP = NO;
				DEBUG_INFORMATION_FORMAT = dwarf;
				ENABLE_STRICT_OBJC_MSGSEND = YES;
				ENABLE_TESTABILITY = YES;
				ENABLE_USER_SCRIPT_SANDBOXING = YES;
				GCC_C_LANGUAGE_STANDARD = gnu17;
				GCC_DYNAMIC_NO_PIC = NO;
				GCC_NO_COMMON_BLOCKS = YES;
				GCC_OPTIMIZATION_LEVEL = 0;
				GCC_PREPROCESSOR_DEFINITIONS = (
					"DEBUG=1",
					"$(inherited)",
				);
				GCC_WARN_64_TO_32_BIT_CONVERSION = YES;
				GCC_WARN_ABOUT_RETURN_TYPE = YES_ERROR;
				GCC_WARN_UNDECLARED_SELECTOR = YES;
				GCC_WARN_UNINITIALIZED_AUTOS = YES_AGGRESSIVE;
				GCC_WARN_UNUSED_FUNCTION = YES;
				GCC_WARN_UNUSED_VARIABLE = YES;
				IPHONEOS_DEPLOYMENT_TARGET = 15.6;
				LOCALIZATION_PREFERS_STRING_CATALOGS = YES;
				MTL_ENABLE_DEBUG_INFO = INCLUDE_SOURCE;
				MTL_FAST_MATH = YES;
				ONLY_ACTIVE_ARCH = YES;
				SDKROOT = iphoneos;
				SWIFT_ACTIVE_COMPILATION_CONDITIONS = "DEBUG $(inherited)";
				SWIFT_OPTIMIZATION_LEVEL = "-Onone";
			};
			name = Debug;
		};
		B4816F882CC69B0000017B7E /* Release */ = {
			isa = XCBuildConfiguration;
			buildSettings = {
				ALWAYS_SEARCH_USER_PATHS = NO;
				ASSETCATALOG_COMPILER_GENERATE_SWIFT_ASSET_SYMBOL_EXTENSIONS = YES;
				CLANG_ANALYZER_NONNULL = YES;
				CLANG_ANALYZER_NUMBER_OBJECT_CONVERSION = YES_AGGRESSIVE;
				CLANG_CXX_LANGUAGE_STANDARD = "gnu++20";
				CLANG_ENABLE_MODULES = YES;
				CLANG_ENABLE_OBJC_ARC = YES;
				CLANG_ENABLE_OBJC_WEAK = YES;
				CLANG_WARN_BLOCK_CAPTURE_AUTORELEASING = YES;
				CLANG_WARN_BOOL_CONVERSION = YES;
				CLANG_WARN_COMMA = YES;
				CLANG_WARN_CONSTANT_CONVERSION = YES;
				CLANG_WARN_DEPRECATED_OBJC_IMPLEMENTATIONS = YES;
				CLANG_WARN_DIRECT_OBJC_ISA_USAGE = YES_ERROR;
				CLANG_WARN_DOCUMENTATION_COMMENTS = YES;
				CLANG_WARN_EMPTY_BODY = YES;
				CLANG_WARN_ENUM_CONVERSION = YES;
				CLANG_WARN_INFINITE_RECURSION = YES;
				CLANG_WARN_INT_CONVERSION = YES;
				CLANG_WARN_NON_LITERAL_NULL_CONVERSION = YES;
				CLANG_WARN_OBJC_IMPLICIT_RETAIN_SELF = YES;
				CLANG_WARN_OBJC_LITERAL_CONVERSION = YES;
				CLANG_WARN_OBJC_ROOT_CLASS = YES_ERROR;
				CLANG_WARN_QUOTED_INCLUDE_IN_FRAMEWORK_HEADER = YES;
				CLANG_WARN_RANGE_LOOP_ANALYSIS = YES;
				CLANG_WARN_STRICT_PROTOTYPES = YES;
				CLANG_WARN_SUSPICIOUS_MOVE = YES;
				CLANG_WARN_UNGUARDED_AVAILABILITY = YES_AGGRESSIVE;
				CLANG_WARN_UNREACHABLE_CODE = YES;
				CLANG_WARN__DUPLICATE_METHOD_MATCH = YES;
				COPY_PHASE_STRIP = NO;
				DEBUG_INFORMATION_FORMAT = "dwarf-with-dsym";
				ENABLE_NS_ASSERTIONS = NO;
				ENABLE_STRICT_OBJC_MSGSEND = YES;
				ENABLE_USER_SCRIPT_SANDBOXING = YES;
				GCC_C_LANGUAGE_STANDARD = gnu17;
				GCC_NO_COMMON_BLOCKS = YES;
				GCC_WARN_64_TO_32_BIT_CONVERSION = YES;
				GCC_WARN_ABOUT_RETURN_TYPE = YES_ERROR;
				GCC_WARN_UNDECLARED_SELECTOR = YES;
				GCC_WARN_UNINITIALIZED_AUTOS = YES_AGGRESSIVE;
				GCC_WARN_UNUSED_FUNCTION = YES;
				GCC_WARN_UNUSED_VARIABLE = YES;
				IPHONEOS_DEPLOYMENT_TARGET = 15.6;
				LOCALIZATION_PREFERS_STRING_CATALOGS = YES;
				MTL_ENABLE_DEBUG_INFO = NO;
				MTL_FAST_MATH = YES;
				SDKROOT = iphoneos;
				SWIFT_COMPILATION_MODE = wholemodule;
				VALIDATE_PRODUCT = YES;
			};
			name = Release;
		};
		B4816F8A2CC69B0000017B7E /* Debug */ = {
			isa = XCBuildConfiguration;
			buildSettings = {
				BUNDLE_LOADER = "$(TEST_HOST)";
				CODE_SIGN_STYLE = Automatic;
				CURRENT_PROJECT_VERSION = 1;
				DEVELOPMENT_TEAM = HQ3Y885H89;
				GENERATE_INFOPLIST_FILE = YES;
				IPHONEOS_DEPLOYMENT_TARGET = 18.0;
				MARKETING_VERSION = 1.0;
				PRODUCT_BUNDLE_IDENTIFIER = "ManBand.com.Git-lessonTests";
				PRODUCT_NAME = "$(TARGET_NAME)";
				SWIFT_EMIT_LOC_STRINGS = NO;
				SWIFT_VERSION = 5.0;
				TARGETED_DEVICE_FAMILY = "1,2";
				TEST_HOST = "$(BUILT_PRODUCTS_DIR)/Git lesson.app/$(BUNDLE_EXECUTABLE_FOLDER_PATH)/Git lesson";
			};
			name = Debug;
		};
		B4816F8B2CC69B0000017B7E /* Release */ = {
			isa = XCBuildConfiguration;
			buildSettings = {
				BUNDLE_LOADER = "$(TEST_HOST)";
				CODE_SIGN_STYLE = Automatic;
				CURRENT_PROJECT_VERSION = 1;
				DEVELOPMENT_TEAM = HQ3Y885H89;
				GENERATE_INFOPLIST_FILE = YES;
				IPHONEOS_DEPLOYMENT_TARGET = 18.0;
				MARKETING_VERSION = 1.0;
				PRODUCT_BUNDLE_IDENTIFIER = "ManBand.com.Git-lessonTests";
				PRODUCT_NAME = "$(TARGET_NAME)";
				SWIFT_EMIT_LOC_STRINGS = NO;
				SWIFT_VERSION = 5.0;
				TARGETED_DEVICE_FAMILY = "1,2";
				TEST_HOST = "$(BUILT_PRODUCTS_DIR)/Git lesson.app/$(BUNDLE_EXECUTABLE_FOLDER_PATH)/Git lesson";
			};
			name = Release;
		};
		B4816F8D2CC69B0000017B7E /* Debug */ = {
			isa = XCBuildConfiguration;
			buildSettings = {
				CODE_SIGN_STYLE = Automatic;
				CURRENT_PROJECT_VERSION = 1;
				DEVELOPMENT_TEAM = HQ3Y885H89;
				GENERATE_INFOPLIST_FILE = YES;
				MARKETING_VERSION = 1.0;
				PRODUCT_BUNDLE_IDENTIFIER = "ManBand.com.Git-lessonUITests";
				PRODUCT_NAME = "$(TARGET_NAME)";
				SWIFT_EMIT_LOC_STRINGS = NO;
				SWIFT_VERSION = 5.0;
				TARGETED_DEVICE_FAMILY = "1,2";
				TEST_TARGET_NAME = "Git lesson";
			};
			name = Debug;
		};
		B4816F8E2CC69B0000017B7E /* Release */ = {
			isa = XCBuildConfiguration;
			buildSettings = {
				CODE_SIGN_STYLE = Automatic;
				CURRENT_PROJECT_VERSION = 1;
				DEVELOPMENT_TEAM = HQ3Y885H89;
				GENERATE_INFOPLIST_FILE = YES;
				MARKETING_VERSION = 1.0;
				PRODUCT_BUNDLE_IDENTIFIER = "ManBand.com.Git-lessonUITests";
				PRODUCT_NAME = "$(TARGET_NAME)";
				SWIFT_EMIT_LOC_STRINGS = NO;
				SWIFT_VERSION = 5.0;
				TARGETED_DEVICE_FAMILY = "1,2";
				TEST_TARGET_NAME = "Git lesson";
			};
			name = Release;
		};
/* End XCBuildConfiguration section */

/* Begin XCConfigurationList section */
		B4816F562CC69AFE00017B7E /* Build configuration list for PBXProject "Git lesson" */ = {
			isa = XCConfigurationList;
			buildConfigurations = (
				B4816F872CC69B0000017B7E /* Debug */,
				B4816F882CC69B0000017B7E /* Release */,
			);
			defaultConfigurationIsVisible = 0;
			defaultConfigurationName = Release;
		};
		B4816F842CC69B0000017B7E /* Build configuration list for PBXNativeTarget "Git lesson" */ = {
			isa = XCConfigurationList;
			buildConfigurations = (
				B4816F852CC69B0000017B7E /* Debug */,
				B4816F862CC69B0000017B7E /* Release */,
			);
			defaultConfigurationIsVisible = 0;
			defaultConfigurationName = Release;
		};
		B4816F892CC69B0000017B7E /* Build configuration list for PBXNativeTarget "Git lessonTests" */ = {
			isa = XCConfigurationList;
			buildConfigurations = (
				B4816F8A2CC69B0000017B7E /* Debug */,
				B4816F8B2CC69B0000017B7E /* Release */,
			);
			defaultConfigurationIsVisible = 0;
			defaultConfigurationName = Release;
		};
		B4816F8C2CC69B0000017B7E /* Build configuration list for PBXNativeTarget "Git lessonUITests" */ = {
			isa = XCConfigurationList;
			buildConfigurations = (
				B4816F8D2CC69B0000017B7E /* Debug */,
				B4816F8E2CC69B0000017B7E /* Release */,
			);
			defaultConfigurationIsVisible = 0;
			defaultConfigurationName = Release;
		};
/* End XCConfigurationList section */
	};
	rootObject = B4816F532CC69AFE00017B7E /* Project object */;
}
